
Microsoft Visual Studio Solution File, Format Version 12.00
# Visual Studio Version 17
VisualStudioVersion = 17.6.33829.357
MinimumVisualStudioVersion = 10.0.40219.1
Project("{FAE04EC0-301F-11D3-BF4B-00C04F79EFBC}") = "Bml caculator", "Bml caculator\Bml caculator.csproj", "{7347057B-4724-47CA-A3BE-A6D6349C1E07}"
EndProject
Global
	GlobalSection(SolutionConfigurationPlatforms) = preSolution
		Debug|Any CPU = Debug|Any CPU
		Release|Any CPU = Release|Any CPU
	EndGlobalSection
	GlobalSection(ProjectConfigurationPlatforms) = postSolution
		{7347057B-4724-47CA-A3BE-A6D6349C1E07}.Debug|Any CPU.ActiveCfg = Debug|Any CPU
		{7347057B-4724-47CA-A3BE-A6D6349C1E07}.Debug|Any CPU.Build.0 = Debug|Any CPU
		{7347057B-4724-47CA-A3BE-A6D6349C1E07}.Release|Any CPU.ActiveCfg = Release|Any CPU
		{7347057B-4724-47CA-A3BE-A6D6349C1E07}.Release|Any CPU.Build.0 = Release|Any CPU
	EndGlobalSection
	GlobalSection(SolutionProperties) = preSolution
		HideSolutionNode = FALSE
	EndGlobalSection
	GlobalSection(ExtensibilityGlobals) = postSolution
		SolutionGuid = {52C93F01-2955-4C40-9CFB-D4AD4ACFA2BE}
	EndGlobalSection
EndGlobal
